
Microsoft Visual Studio Solution File, Format Version 12.00
# Visual Studio Version 17
VisualStudioVersion = 17.1.32210.238
MinimumVisualStudioVersion = 10.0.40219.1
Project("{FAE04EC0-301F-11D3-BF4B-00C04F79EFBC}") = "taskScheduler.UWP", "taskScheduler\taskScheduler.UWP\taskScheduler.UWP.csproj", "{8916687F-3D9F-4898-80AB-1C77885F8AB6}"
EndProject
Project("{FAE04EC0-301F-11D3-BF4B-00C04F79EFBC}") = "taskScheduler.Android", "taskScheduler\taskScheduler.Android\taskScheduler.Android.csproj", "{094AD939-8459-4E49-A688-C39570FE4F22}"
EndProject
Project("{9A19103F-16F7-4668-BE54-9A1E7A4F7556}") = "taskScheduler", "taskScheduler\taskScheduler\taskScheduler.csproj", "{586B4C51-ADD1-49C2-9D43-A3ABF80905BC}"
EndProject
Global
	GlobalSection(SolutionConfigurationPlatforms) = preSolution
		Debug|Any CPU = Debug|Any CPU
		Debug|ARM = Debug|ARM
		Debug|x64 = Debug|x64
		Debug|x86 = Debug|x86
		Release|Any CPU = Release|Any CPU
		Release|ARM = Release|ARM
		Release|x64 = Release|x64
		Release|x86 = Release|x86
	EndGlobalSection
	GlobalSection(ProjectConfigurationPlatforms) = postSolution
		{8916687F-3D9F-4898-80AB-1C77885F8AB6}.Debug|Any CPU.ActiveCfg = Debug|x64
		{8916687F-3D9F-4898-80AB-1C77885F8AB6}.Debug|Any CPU.Build.0 = Debug|x64
		{8916687F-3D9F-4898-80AB-1C77885F8AB6}.Debug|Any CPU.Deploy.0 = Debug|x64
		{8916687F-3D9F-4898-80AB-1C77885F8AB6}.Debug|ARM.ActiveCfg = Debug|ARM
		{8916687F-3D9F-4898-80AB-1C77885F8AB6}.Debug|ARM.Build.0 = Debug|ARM
		{8916687F-3D9F-4898-80AB-1C77885F8AB6}.Debug|ARM.Deploy.0 = Debug|ARM
		{8916687F-3D9F-4898-80AB-1C77885F8AB6}.Debug|x64.ActiveCfg = Debug|x64
		{8916687F-3D9F-4898-80AB-1C77885F8AB6}.Debug|x64.Build.0 = Debug|x64
		{8916687F-3D9F-4898-80AB-1C77885F8AB6}.Debug|x64.Deploy.0 = Debug|x64
		{8916687F-3D9F-4898-80AB-1C77885F8AB6}.Debug|x86.ActiveCfg = Debug|x86
		{8916687F-3D9F-4898-80AB-1C77885F8AB6}.Debug|x86.Build.0 = Debug|x86
		{8916687F-3D9F-4898-80AB-1C77885F8AB6}.Debug|x86.Deploy.0 = Debug|x86
		{8916687F-3D9F-4898-80AB-1C77885F8AB6}.Release|Any CPU.ActiveCfg = Release|x64
		{8916687F-3D9F-4898-80AB-1C77885F8AB6}.Release|Any CPU.Build.0 = Release|x64
		{8916687F-3D9F-4898-80AB-1C77885F8AB6}.Release|Any CPU.Deploy.0 = Release|x64
		{8916687F-3D9F-4898-80AB-1C77885F8AB6}.Release|ARM.ActiveCfg = Release|ARM
		{8916687F-3D9F-4898-80AB-1C77885F8AB6}.Release|ARM.Build.0 = Release|ARM
		{8916687F-3D9F-4898-80AB-1C77885F8AB6}.Release|ARM.Deploy.0 = Release|ARM
		{8916687F-3D9F-4898-80AB-1C77885F8AB6}.Release|x64.ActiveCfg = Release|x64
		{8916687F-3D9F-4898-80AB-1C77885F8AB6}.Release|x64.Build.0 = Release|x64
		{8916687F-3D9F-4898-80AB-1C77885F8AB6}.Release|x64.Deploy.0 = Release|x64
		{8916687F-3D9F-4898-80AB-1C77885F8AB6}.Release|x86.ActiveCfg = Release|x86
		{8916687F-3D9F-4898-80AB-1C77885F8AB6}.Release|x86.Build.0 = Release|x86
		{8916687F-3D9F-4898-80AB-1C77885F8AB6}.Release|x86.Deploy.0 = Release|x86
		{094AD939-8459-4E49-A688-C39570FE4F22}.Debug|Any CPU.ActiveCfg = Debug|Any CPU
		{094AD939-8459-4E49-A688-C39570FE4F22}.Debug|Any CPU.Build.0 = Debug|Any CPU
		{094AD939-8459-4E49-A688-C39570FE4F22}.Debug|Any CPU.Deploy.0 = Debug|Any CPU
		{094AD939-8459-4E49-A688-C39570FE4F22}.Debug|ARM.ActiveCfg = Debug|Any CPU
		{094AD939-8459-4E49-A688-C39570FE4F22}.Debug|ARM.Build.0 = Debug|Any CPU
		{094AD939-8459-4E49-A688-C39570FE4F22}.Debug|ARM.Deploy.0 = Debug|Any CPU
		{094AD939-8459-4E49-A688-C39570FE4F22}.Debug|x64.ActiveCfg = Debug|Any CPU
		{094AD939-8459-4E49-A688-C39570FE4F22}.Debug|x64.Build.0 = Debug|Any CPU
		{094AD939-8459-4E49-A688-C39570FE4F22}.Debug|x64.Deploy.0 = Debug|Any CPU
		{094AD939-8459-4E49-A688-C39570FE4F22}.Debug|x86.ActiveCfg = Debug|Any CPU
		{094AD939-8459-4E49-A688-C39570FE4F22}.Debug|x86.Build.0 = Debug|Any CPU
		{094AD939-8459-4E49-A688-C39570FE4F22}.Debug|x86.Deploy.0 = Debug|Any CPU
		{094AD939-8459-4E49-A688-C39570FE4F22}.Release|Any CPU.ActiveCfg = Release|Any CPU
		{094AD939-8459-4E49-A688-C39570FE4F22}.Release|Any CPU.Build.0 = Release|Any CPU
		{094AD939-8459-4E49-A688-C39570FE4F22}.Release|Any CPU.Deploy.0 = Release|Any CPU
		{094AD939-8459-4E49-A688-C39570FE4F22}.Release|ARM.ActiveCfg = Release|Any CPU
		{094AD939-8459-4E49-A688-C39570FE4F22}.Release|ARM.Build.0 = Release|Any CPU
		{094AD939-8459-4E49-A688-C39570FE4F22}.Release|ARM.Deploy.0 = Release|Any CPU
		{094AD939-8459-4E49-A688-C39570FE4F22}.Release|x64.ActiveCfg = Release|Any CPU
		{094AD939-8459-4E49-A688-C39570FE4F22}.Release|x64.Build.0 = Release|Any CPU
		{094AD939-8459-4E49-A688-C39570FE4F22}.Release|x64.Deploy.0 = Release|Any CPU
		{094AD939-8459-4E49-A688-C39570FE4F22}.Release|x86.ActiveCfg = Release|Any CPU
		{094AD939-8459-4E49-A688-C39570FE4F22}.Release|x86.Build.0 = Release|Any CPU
		{094AD939-8459-4E49-A688-C39570FE4F22}.Release|x86.Deploy.0 = Release|Any CPU
		{586B4C51-ADD1-49C2-9D43-A3ABF80905BC}.Debug|Any CPU.ActiveCfg = Debug|Any CPU
		{586B4C51-ADD1-49C2-9D43-A3ABF80905BC}.Debug|Any CPU.Build.0 = Debug|Any CPU
		{586B4C51-ADD1-49C2-9D43-A3ABF80905BC}.Debug|Any CPU.Deploy.0 = Debug|Any CPU
		{586B4C51-ADD1-49C2-9D43-A3ABF80905BC}.Debug|ARM.ActiveCfg = Debug|Any CPU
		{586B4C51-ADD1-49C2-9D43-A3ABF80905BC}.Debug|ARM.Build.0 = Debug|Any CPU
		{586B4C51-ADD1-49C2-9D43-A3ABF80905BC}.Debug|ARM.Deploy.0 = Debug|Any CPU
		{586B4C51-ADD1-49C2-9D43-A3ABF80905BC}.Debug|x64.ActiveCfg = Debug|Any CPU
		{586B4C51-ADD1-49C2-9D43-A3ABF80905BC}.Debug|x64.Build.0 = Debug|Any CPU
		{586B4C51-ADD1-49C2-9D43-A3ABF80905BC}.Debug|x64.Deploy.0 = Debug|Any CPU
		{586B4C51-ADD1-49C2-9D43-A3ABF80905BC}.Debug|x86.ActiveCfg = Debug|Any CPU
		{586B4C51-ADD1-49C2-9D43-A3ABF80905BC}.Debug|x86.Build.0 = Debug|Any CPU
		{586B4C51-ADD1-49C2-9D43-A3ABF80905BC}.Debug|x86.Deploy.0 = Debug|Any CPU
		{586B4C51-ADD1-49C2-9D43-A3ABF80905BC}.Release|Any CPU.ActiveCfg = Release|Any CPU
		{586B4C51-ADD1-49C2-9D43-A3ABF80905BC}.Release|Any CPU.Build.0 = Release|Any CPU
		{586B4C51-ADD1-49C2-9D43-A3ABF80905BC}.Release|Any CPU.Deploy.0 = Release|Any CPU
		{586B4C51-ADD1-49C2-9D43-A3ABF80905BC}.Release|ARM.ActiveCfg = Release|Any CPU
		{586B4C51-ADD1-49C2-9D43-A3ABF80905BC}.Release|ARM.Build.0 = Release|Any CPU
		{586B4C51-ADD1-49C2-9D43-A3ABF80905BC}.Release|ARM.Deploy.0 = Release|Any CPU
		{586B4C51-ADD1-49C2-9D43-A3ABF80905BC}.Release|x64.ActiveCfg = Release|Any CPU
		{586B4C51-ADD1-49C2-9D43-A3ABF80905BC}.Release|x64.Build.0 = Release|Any CPU
		{586B4C51-ADD1-49C2-9D43-A3ABF80905BC}.Release|x64.Deploy.0 = Release|Any CPU
		{586B4C51-ADD1-49C2-9D43-A3ABF80905BC}.Release|x86.ActiveCfg = Release|Any CPU
		{586B4C51-ADD1-49C2-9D43-A3ABF80905BC}.Release|x86.Build.0 = Release|Any CPU
		{586B4C51-ADD1-49C2-9D43-A3ABF80905BC}.Release|x86.Deploy.0 = Release|Any CPU
	EndGlobalSection
	GlobalSection(SolutionProperties) = preSolution
		HideSolutionNode = FALSE
	EndGlobalSection
	GlobalSection(ExtensibilityGlobals) = postSolution
		SolutionGuid = {71EEEF28-225E-4416-A286-76805CFD819C}
	EndGlobalSection
EndGlobal
